// !$*UTF8*$!
{
	archiveVersion = 1;
	classes = {
	};
	objectVersion = 77;
	objects = {

/* Begin PBXBuildFile section */
		3DA36F7B204E7E6681C7CB10 /* WiretapSampleApp.swift in Sources */ = {isa = PBXBuildFile; fileRef = F85FFB7B0B40730AC32F6F72 /* WiretapSampleApp.swift */; };
		B65CC724EF1964DCD1B6E11E /* ContentView.swift in Sources */ = {isa = PBXBuildFile; fileRef = 5139E7FCEC9BB46ADAA9D483 /* ContentView.swift */; };
		D72BA44A7DECAE2235BC610B /* WiretapURLSession in Frameworks */ = {isa = PBXBuildFile; productRef = C16E5D8503307AD6D647B276 /* WiretapURLSession */; };
/* End PBXBuildFile section */

/* Begin PBXFileReference section */
		2ED7DB91F66CAC604613F22C /* Info.plist */ = {isa = PBXFileReference; lastKnownFileType = text.plist; path = Info.plist; sourceTree = "<group>"; };
		5139E7FCEC9BB46ADAA9D483 /* ContentView.swift */ = {isa = PBXFileReference; lastKnownFileType = sourcecode.swift; path = ContentView.swift; sourceTree = "<group>"; };
		9484F103EC0B1BFFE6CD368A /* WiretapKMP */ = {isa = PBXFileReference; lastKnownFileType = folder; name = WiretapKMP; path = ..; sourceTree = SOURCE_ROOT; };
		D164E8DCF035E82421CEEEFD /* WiretapSwiftSample.app */ = {isa = PBXFileReference; includeInIndex = 0; lastKnownFileType = wrapper.application; path = WiretapSwiftSample.app; sourceTree = BUILT_PRODUCTS_DIR; };
		F85FFB7B0B40730AC32F6F72 /* WiretapSampleApp.swift */ = {isa = PBXFileReference; lastKnownFileType = sourcecode.swift; path = WiretapSampleApp.swift; sourceTree = "<group>"; };
/* End PBXFileReference section */

/* Begin PBXFrameworksBuildPhase section */
		027E5DEB09051EFF92CCDDD3 /* Frameworks */ = {
			isa = PBXFrameworksBuildPhase;
			buildActionMask = 2147483647;
			files = (
				D72BA44A7DECAE2235BC610B /* WiretapURLSession in Frameworks */,
			);
			runOnlyForDeploymentPostprocessing = 0;
		};
/* End PBXFrameworksBuildPhase section */

/* Begin PBXGroup section */
		2F62A9A798462A9AF98CA90F = {
			isa = PBXGroup;
			children = (
				C1740782434E0816ADE6A2E4 /* iosSampleApp */,
				B00BDF6916FCE775F871CAC4 /* Packages */,
				C380C1C68734F4BB9827B83C /* Products */,
			);
			sourceTree = "<group>";
		};
		B00BDF6916FCE775F871CAC4 /* Packages */ = {
			isa = PBXGroup;
			children = (
				9484F103EC0B1BFFE6CD368A /* WiretapKMP */,
			);
			name = Packages;
			sourceTree = "<group>";
		};
		C1740782434E0816ADE6A2E4 /* iosSampleApp */ = {
			isa = PBXGroup;
			children = (
				5139E7FCEC9BB46ADAA9D483 /* ContentView.swift */,
				2ED7DB91F66CAC604613F22C /* Info.plist */,
				F85FFB7B0B40730AC32F6F72 /* WiretapSampleApp.swift */,
			);
			path = iosSampleApp;
			sourceTree = "<group>";
		};
		C380C1C68734F4BB9827B83C /* Products */ = {
			isa = PBXGroup;
			children = (
				D164E8DCF035E82421CEEEFD /* WiretapSwiftSample.app */,
			);
			name = Products;
			sourceTree = "<group>";
		};
/* End PBXGroup section */

/* Begin PBXNativeTarget section */
		DB620C48CF4EF02A9FE7106D /* WiretapSwiftSample */ = {
			isa = PBXNativeTarget;
			buildConfigurationList = 0197530C4456AA6291106FE8 /* Build configuration list for PBXNativeTarget "WiretapSwiftSample" */;
			buildPhases = (
				5B2370038982B1EC1C22FA4C /* Compile Kotlin Frameworks */,
				A1CAC5F1940C77930B2DCC53 /* Sources */,
				027E5DEB09051EFF92CCDDD3 /* Frameworks */,
			);
			buildRules = (
			);
			dependencies = (
			);
			name = WiretapSwiftSample;
			packageProductDependencies = (
				C16E5D8503307AD6D647B276 /* WiretapURLSession */,
			);
			productName = WiretapSwiftSample;
			productReference = D164E8DCF035E82421CEEEFD /* WiretapSwiftSample.app */;
			productType = "com.apple.product-type.application";
		};
/* End PBXNativeTarget section */

/* Begin PBXProject section */
		ECAFC5C7DE69A454B8CDC6FE /* Project object */ = {
			isa = PBXProject;
			attributes = {
				BuildIndependentTargetsInParallel = YES;
				LastUpgradeCheck = 1600;
				TargetAttributes = {
					DB620C48CF4EF02A9FE7106D = {
						DevelopmentTeam = "";
					};
				};
			};
			buildConfigurationList = FBF51CFEC6FF578898D7199D /* Build configuration list for PBXProject "WiretapSwiftSample" */;
			developmentRegion = en;
			hasScannedForEncodings = 0;
			knownRegions = (
				Base,
				en,
			);
			mainGroup = 2F62A9A798462A9AF98CA90F;
			minimizedProjectReferenceProxies = 1;
			packageReferences = (
				35F5D2DC83A7B8740C16F276 /* XCLocalSwiftPackageReference ".." */,
			);
			preferredProjectObjectVersion = 77;
			productRefGroup = C380C1C68734F4BB9827B83C /* Products */;
			projectDirPath = "";
			projectRoot = "";
			targets = (
				DB620C48CF4EF02A9FE7106D /* WiretapSwiftSample */,
			);
		};
/* End PBXProject section */

/* Begin PBXShellScriptBuildPhase section */
		5B2370038982B1EC1C22FA4C /* Compile Kotlin Frameworks */ = {
			isa = PBXShellScriptBuildPhase;
			alwaysOutOfDate = 1;
			buildActionMask = 2147483647;
			files = (
			);
			inputFileListPaths = (
			);
			inputPaths = (
			);
			name = "Compile Kotlin Frameworks";
			outputFileListPaths = (
			);
			outputPaths = (
			);
			runOnlyForDeploymentPostprocessing = 0;
			shellPath = /bin/sh;
			shellScript = "cd \"$SRCROOT/..\"\n./gradlew :wiretap-urlsession:spmDevBuild -PspmBuildTargets=ios_simulator_arm64\n";
		};
/* End PBXShellScriptBuildPhase section */

/* Begin PBXSourcesBuildPhase section */
		A1CAC5F1940C77930B2DCC53 /* Sources */ = {
			isa = PBXSourcesBuildPhase;
			buildActionMask = 2147483647;
			files = (
				B65CC724EF1964DCD1B6E11E /* ContentView.swift in Sources */,
				3DA36F7B204E7E6681C7CB10 /* WiretapSampleApp.swift in Sources */,
			);
			runOnlyForDeploymentPostprocessing = 0;
		};
/* End PBXSourcesBuildPhase section */

/* Begin XCBuildConfiguration section */
		0C35D7F7D5ABA4E7FDE94426 /* Release */ = {
			isa = XCBuildConfiguration;
			buildSettings = {
				ALWAYS_SEARCH_USER_PATHS = NO;
				CLANG_ANALYZER_NONNULL = YES;
				CLANG_ANALYZER_NUMBER_OBJECT_CONVERSION = YES_AGGRESSIVE;
				CLANG_CXX_LANGUAGE_STANDARD = "gnu++14";
				CLANG_CXX_LIBRARY = "libc++";
				CLANG_ENABLE_MODULES = YES;
				CLANG_ENABLE_OBJC_ARC = YES;
				CLANG_ENABLE_OBJC_WEAK = YES;
				CLANG_WARN_BLOCK_CAPTURE_AUTORELEASING = YES;
				CLANG_WARN_BOOL_CONVERSION = YES;
				CLANG_WARN_COMMA = YES;
				CLANG_WARN_CONSTANT_CONVERSION = YES;
				CLANG_WARN_DEPRECATED_OBJC_IMPLEMENTATIONS = YES;
				CLANG_WARN_DIRECT_OBJC_ISA_USAGE = YES_ERROR;
				CLANG_WARN_DOCUMENTATION_COMMENTS = YES;
				CLANG_WARN_EMPTY_BODY = YES;
				CLANG_WARN_ENUM_CONVERSION = YES;
				CLANG_WARN_INFINITE_RECURSION = YES;
				CLANG_WARN_INT_CONVERSION = YES;
				CLANG_WARN_NON_LITERAL_NULL_CONVERSION = YES;
				CLANG_WARN_OBJC_IMPLICIT_RETAIN_SELF = YES;
				CLANG_WARN_OBJC_LITERAL_CONVERSION = YES;
				CLANG_WARN_OBJC_ROOT_CLASS = YES_ERROR;
				CLANG_WARN_QUOTED_INCLUDE_IN_FRAMEWORK_HEADER = YES;
				CLANG_WARN_RANGE_LOOP_ANALYSIS = YES;
				CLANG_WARN_STRICT_PROTOTYPES = YES;
				CLANG_WARN_SUSPICIOUS_MOVE = YES;
				CLANG_WARN_UNGUARDED_AVAILABILITY = YES_AGGRESSIVE;
				CLANG_WARN_UNREACHABLE_CODE = YES;
				CLANG_WARN__DUPLICATE_METHOD_MATCH = YES;
				COPY_PHASE_STRIP = NO;
				DEBUG_INFORMATION_FORMAT = "dwarf-with-dsym";
				DEVELOPMENT_TEAM = "";
				ENABLE_NS_ASSERTIONS = NO;
				ENABLE_STRICT_OBJC_MSGSEND = YES;
				GCC_C_LANGUAGE_STANDARD = gnu11;
				GCC_NO_COMMON_BLOCKS = YES;
				GCC_WARN_64_TO_32_BIT_CONVERSION = YES;
				GCC_WARN_ABOUT_RETURN_TYPE = YES_ERROR;
				GCC_WARN_UNDECLARED_SELECTOR = YES;
				GCC_WARN_UNINITIALIZED_AUTOS = YES_AGGRESSIVE;
				GCC_WARN_UNUSED_FUNCTION = YES;
				GCC_WARN_UNUSED_VARIABLE = YES;
				IPHONEOS_DEPLOYMENT_TARGET = 16.0;
				MTL_ENABLE_DEBUG_INFO = NO;
				MTL_FAST_MATH = YES;
				PRODUCT_NAME = "$(TARGET_NAME)";
				SDKROOT = iphoneos;
				SWIFT_COMPILATION_MODE = wholemodule;
				SWIFT_OPTIMIZATION_LEVEL = "-O";
				SWIFT_VERSION = 5.0;
			};
			name = Release;
		};
		42AF0CAEEB2A6126BA1DFFEB /* Debug */ = {
			isa = XCBuildConfiguration;
			buildSettings = {
				ASSETCATALOG_COMPILER_APPICON_NAME = AppIcon;
				CODE_SIGN_IDENTITY = "iPhone Developer";
				INFOPLIST_FILE = iosSampleApp/Info.plist;
				LD_RUNPATH_SEARCH_PATHS = (
					"$(inherited)",
					"@executable_path/Frameworks",
				);
				OTHER_LDFLAGS = (
					"-ObjC",
					"-lsqlite3",
				);
				PRODUCT_BUNDLE_IDENTIFIER = dev.skymansandy.wiretap.iosSample;
				PRODUCT_NAME = "Wiretap Sample";
				SDKROOT = iphoneos;
				SWIFT_VERSION = 5.9;
				TARGETED_DEVICE_FAMILY = "1,2";
			};
			name = Debug;
		};
		B11A3AED3CF739B42FCEAEF5 /* Debug */ = {
			isa = XCBuildConfiguration;
			buildSettings = {
				ALWAYS_SEARCH_USER_PATHS = NO;
				CLANG_ANALYZER_NONNULL = YES;
				CLANG_ANALYZER_NUMBER_OBJECT_CONVERSION = YES_AGGRESSIVE;
				CLANG_CXX_LANGUAGE_STANDARD = "gnu++14";
				CLANG_CXX_LIBRARY = "libc++";
				CLANG_ENABLE_MODULES = YES;
				CLANG_ENABLE_OBJC_ARC = YES;
				CLANG_ENABLE_OBJC_WEAK = YES;
				CLANG_WARN_BLOCK_CAPTURE_AUTORELEASING = YES;
				CLANG_WARN_BOOL_CONVERSION = YES;
				CLANG_WARN_COMMA = YES;
				CLANG_WARN_CONSTANT_CONVERSION = YES;
				CLANG_WARN_DEPRECATED_OBJC_IMPLEMENTATIONS = YES;
				CLANG_WARN_DIRECT_OBJC_ISA_USAGE = YES_ERROR;
				CLANG_WARN_DOCUMENTATION_COMMENTS = YES;
				CLANG_WARN_EMPTY_BODY = YES;
				CLANG_WARN_ENUM_CONVERSION = YES;
				CLANG_WARN_INFINITE_RECURSION = YES;
				CLANG_WARN_INT_CONVERSION = YES;
				CLANG_WARN_NON_LITERAL_NULL_CONVERSION = YES;
				CLANG_WARN_OBJC_IMPLICIT_RETAIN_SELF = YES;
				CLANG_WARN_OBJC_LITERAL_CONVERSION = YES;
				CLANG_WARN_OBJC_ROOT_CLASS = YES_ERROR;
				CLANG_WARN_QUOTED_INCLUDE_IN_FRAMEWORK_HEADER = YES;
				CLANG_WARN_RANGE_LOOP_ANALYSIS = YES;
				CLANG_WARN_STRICT_PROTOTYPES = YES;
				CLANG_WARN_SUSPICIOUS_MOVE = YES;
				CLANG_WARN_UNGUARDED_AVAILABILITY = YES_AGGRESSIVE;
				CLANG_WARN_UNREACHABLE_CODE = YES;
				CLANG_WARN__DUPLICATE_METHOD_MATCH = YES;
				COPY_PHASE_STRIP = NO;
				DEBUG_INFORMATION_FORMAT = dwarf;
				DEVELOPMENT_TEAM = "";
				ENABLE_STRICT_OBJC_MSGSEND = YES;
				ENABLE_TESTABILITY = YES;
				GCC_C_LANGUAGE_STANDARD = gnu11;
				GCC_DYNAMIC_NO_PIC = NO;
				GCC_NO_COMMON_BLOCKS = YES;
				GCC_OPTIMIZATION_LEVEL = 0;
				GCC_PREPROCESSOR_DEFINITIONS = (
					"$(inherited)",
					"DEBUG=1",
				);
				GCC_WARN_64_TO_32_BIT_CONVERSION = YES;
				GCC_WARN_ABOUT_RETURN_TYPE = YES_ERROR;
				GCC_WARN_UNDECLARED_SELECTOR = YES;
				GCC_WARN_UNINITIALIZED_AUTOS = YES_AGGRESSIVE;
				GCC_WARN_UNUSED_FUNCTION = YES;
				GCC_WARN_UNUSED_VARIABLE = YES;
				IPHONEOS_DEPLOYMENT_TARGET = 16.0;
				MTL_ENABLE_DEBUG_INFO = INCLUDE_SOURCE;
				MTL_FAST_MATH = YES;
				ONLY_ACTIVE_ARCH = YES;
				PRODUCT_NAME = "$(TARGET_NAME)";
				SDKROOT = iphoneos;
				SWIFT_ACTIVE_COMPILATION_CONDITIONS = DEBUG;
				SWIFT_OPTIMIZATION_LEVEL = "-Onone";
				SWIFT_VERSION = 5.0;
			};
			name = Debug;
		};
		CB8CB9F2CE5524DC4EC6250D /* Release */ = {
			isa = XCBuildConfiguration;
			buildSettings = {
				ASSETCATALOG_COMPILER_APPICON_NAME = AppIcon;
				CODE_SIGN_IDENTITY = "iPhone Developer";
				INFOPLIST_FILE = iosSampleApp/Info.plist;
				LD_RUNPATH_SEARCH_PATHS = (
					"$(inherited)",
					"@executable_path/Frameworks",
				);
				OTHER_LDFLAGS = (
					"-ObjC",
					"-lsqlite3",
				);
				PRODUCT_BUNDLE_IDENTIFIER = dev.skymansandy.wiretap.iosSample;
				PRODUCT_NAME = "Wiretap Sample";
				SDKROOT = iphoneos;
				SWIFT_VERSION = 5.9;
				TARGETED_DEVICE_FAMILY = "1,2";
			};
			name = Release;
		};
/* End XCBuildConfiguration section */

/* Begin XCConfigurationList section */
		0197530C4456AA6291106FE8 /* Build configuration list for PBXNativeTarget "WiretapSwiftSample" */ = {
			isa = XCConfigurationList;
			buildConfigurations = (
				42AF0CAEEB2A6126BA1DFFEB /* Debug */,
				CB8CB9F2CE5524DC4EC6250D /* Release */,
			);
			defaultConfigurationIsVisible = 0;
			defaultConfigurationName = Debug;
		};
		FBF51CFEC6FF578898D7199D /* Build configuration list for PBXProject "WiretapSwiftSample" */ = {
			isa = XCConfigurationList;
			buildConfigurations = (
				B11A3AED3CF739B42FCEAEF5 /* Debug */,
				0C35D7F7D5ABA4E7FDE94426 /* Release */,
			);
			defaultConfigurationIsVisible = 0;
			defaultConfigurationName = Debug;
		};
/* End XCConfigurationList section */

/* Begin XCLocalSwiftPackageReference section */
		35F5D2DC83A7B8740C16F276 /* XCLocalSwiftPackageReference ".." */ = {
			isa = XCLocalSwiftPackageReference;
			relativePath = ..;
		};
/* End XCLocalSwiftPackageReference section */

/* Begin XCSwiftPackageProductDependency section */
		C16E5D8503307AD6D647B276 /* WiretapURLSession */ = {
			isa = XCSwiftPackageProductDependency;
			productName = WiretapURLSession;
		};
/* End XCSwiftPackageProductDependency section */
	};
	rootObject = ECAFC5C7DE69A454B8CDC6FE /* Project object */;
}
